
Microsoft Visual Studio Solution File, Format Version 12.00
# Visual Studio 15
VisualStudioVersion = 15.0.28307.421
MinimumVisualStudioVersion = 10.0.40219.1
Project("{9A19103F-16F7-4668-BE54-9A1E7A4F7556}") = "LetsShop.Basket.WebApi", "src\csharp\LetsShop\LetsShop.Basket.WebApi.csproj", "{393490D1-529A-412D-8516-A745A1A05DF5}"
EndProject
Project("{9A19103F-16F7-4668-BE54-9A1E7A4F7556}") = "LetsShop.Basket.Services", "src\csharp\LetsShop.Basket.Services\LetsShop.Basket.Services.csproj", "{2E827C0F-502B-4A20-BF6C-8B2242B9D0A7}"
EndProject
Project("{9A19103F-16F7-4668-BE54-9A1E7A4F7556}") = "LetsShop.Basket.Domain", "src\csharp\LetsShop.Basket.Doman\LetsShop.Basket.Domain.csproj", "{D66B4DB0-9035-40BD-BC37-DCB1E723C4DE}"
EndProject
Project("{2150E333-8FDC-42A3-9474-1A3956D46DE8}") = "Tests", "Tests", "{56952D57-8E9F-4403-A8C5-0219A4AE5592}"
EndProject
Project("{9A19103F-16F7-4668-BE54-9A1E7A4F7556}") = "LetsShop.Basket.Domain.IntegrationTests", "src\test\LetsShop.Basket.Domain.IntegrationTests\LetsShop.Basket.Domain.IntegrationTests.csproj", "{9C50D9B4-FFA0-46C4-B887-9CD2EBA115FE}"
EndProject
Project("{9A19103F-16F7-4668-BE54-9A1E7A4F7556}") = "LetsShop.Basket.Domain.Tests", "src\test\LetsShop.Basket.Domain.Tests\LetsShop.Basket.Domain.Tests.csproj", "{6F1DF024-3919-4DFB-B167-D21AD3AD3C06}"
EndProject
Project("{2150E333-8FDC-42A3-9474-1A3956D46DE8}") = "API", "API", "{0200DE84-B763-49FE-98FD-4DABFFDEAA98}"
EndProject
Project("{2150E333-8FDC-42A3-9474-1A3956D46DE8}") = "Client", "Client", "{F9844005-0810-420A-AB55-7F11E7FFE034}"
EndProject
Project("{2150E333-8FDC-42A3-9474-1A3956D46DE8}") = "Common", "Common", "{42220C01-5DB0-4644-870E-6AD28F972CA7}"
EndProject
Project("{9A19103F-16F7-4668-BE54-9A1E7A4F7556}") = "LetsShop.Client", "src\csharp\LetsShop.Client\LetsShop.Client.csproj", "{19196FC3-8CF0-4B21-AC94-0954A5CBE4E1}"
EndProject
Project("{9A19103F-16F7-4668-BE54-9A1E7A4F7556}") = "LetsShop.Common", "src\csharp\LetsShop.Common\LetsShop.Common.csproj", "{5B269B52-9A06-441E-BC34-14BFC603A53E}"
EndProject
Global
	GlobalSection(SolutionConfigurationPlatforms) = preSolution
		Debug|Any CPU = Debug|Any CPU
		Release|Any CPU = Release|Any CPU
	EndGlobalSection
	GlobalSection(ProjectConfigurationPlatforms) = postSolution
		{393490D1-529A-412D-8516-A745A1A05DF5}.Debug|Any CPU.ActiveCfg = Debug|Any CPU
		{393490D1-529A-412D-8516-A745A1A05DF5}.Debug|Any CPU.Build.0 = Debug|Any CPU
		{393490D1-529A-412D-8516-A745A1A05DF5}.Release|Any CPU.ActiveCfg = Release|Any CPU
		{393490D1-529A-412D-8516-A745A1A05DF5}.Release|Any CPU.Build.0 = Release|Any CPU
		{2E827C0F-502B-4A20-BF6C-8B2242B9D0A7}.Debug|Any CPU.ActiveCfg = Debug|Any CPU
		{2E827C0F-502B-4A20-BF6C-8B2242B9D0A7}.Debug|Any CPU.Build.0 = Debug|Any CPU
		{2E827C0F-502B-4A20-BF6C-8B2242B9D0A7}.Release|Any CPU.ActiveCfg = Release|Any CPU
		{2E827C0F-502B-4A20-BF6C-8B2242B9D0A7}.Release|Any CPU.Build.0 = Release|Any CPU
		{D66B4DB0-9035-40BD-BC37-DCB1E723C4DE}.Debug|Any CPU.ActiveCfg = Debug|Any CPU
		{D66B4DB0-9035-40BD-BC37-DCB1E723C4DE}.Debug|Any CPU.Build.0 = Debug|Any CPU
		{D66B4DB0-9035-40BD-BC37-DCB1E723C4DE}.Release|Any CPU.ActiveCfg = Release|Any CPU
		{D66B4DB0-9035-40BD-BC37-DCB1E723C4DE}.Release|Any CPU.Build.0 = Release|Any CPU
		{9C50D9B4-FFA0-46C4-B887-9CD2EBA115FE}.Debug|Any CPU.ActiveCfg = Debug|Any CPU
		{9C50D9B4-FFA0-46C4-B887-9CD2EBA115FE}.Debug|Any CPU.Build.0 = Debug|Any CPU
		{9C50D9B4-FFA0-46C4-B887-9CD2EBA115FE}.Release|Any CPU.ActiveCfg = Release|Any CPU
		{9C50D9B4-FFA0-46C4-B887-9CD2EBA115FE}.Release|Any CPU.Build.0 = Release|Any CPU
		{6F1DF024-3919-4DFB-B167-D21AD3AD3C06}.Debug|Any CPU.ActiveCfg = Debug|Any CPU
		{6F1DF024-3919-4DFB-B167-D21AD3AD3C06}.Debug|Any CPU.Build.0 = Debug|Any CPU
		{6F1DF024-3919-4DFB-B167-D21AD3AD3C06}.Release|Any CPU.ActiveCfg = Release|Any CPU
		{6F1DF024-3919-4DFB-B167-D21AD3AD3C06}.Release|Any CPU.Build.0 = Release|Any CPU
		{19196FC3-8CF0-4B21-AC94-0954A5CBE4E1}.Debug|Any CPU.ActiveCfg = Debug|Any CPU
		{19196FC3-8CF0-4B21-AC94-0954A5CBE4E1}.Debug|Any CPU.Build.0 = Debug|Any CPU
		{19196FC3-8CF0-4B21-AC94-0954A5CBE4E1}.Release|Any CPU.ActiveCfg = Release|Any CPU
		{19196FC3-8CF0-4B21-AC94-0954A5CBE4E1}.Release|Any CPU.Build.0 = Release|Any CPU
		{5B269B52-9A06-441E-BC34-14BFC603A53E}.Debug|Any CPU.ActiveCfg = Debug|Any CPU
		{5B269B52-9A06-441E-BC34-14BFC603A53E}.Debug|Any CPU.Build.0 = Debug|Any CPU
		{5B269B52-9A06-441E-BC34-14BFC603A53E}.Release|Any CPU.ActiveCfg = Release|Any CPU
		{5B269B52-9A06-441E-BC34-14BFC603A53E}.Release|Any CPU.Build.0 = Release|Any CPU
	EndGlobalSection
	GlobalSection(SolutionProperties) = preSolution
		HideSolutionNode = FALSE
	EndGlobalSection
	GlobalSection(NestedProjects) = preSolution
		{393490D1-529A-412D-8516-A745A1A05DF5} = {0200DE84-B763-49FE-98FD-4DABFFDEAA98}
		{2E827C0F-502B-4A20-BF6C-8B2242B9D0A7} = {0200DE84-B763-49FE-98FD-4DABFFDEAA98}
		{D66B4DB0-9035-40BD-BC37-DCB1E723C4DE} = {0200DE84-B763-49FE-98FD-4DABFFDEAA98}
		{56952D57-8E9F-4403-A8C5-0219A4AE5592} = {0200DE84-B763-49FE-98FD-4DABFFDEAA98}
		{9C50D9B4-FFA0-46C4-B887-9CD2EBA115FE} = {56952D57-8E9F-4403-A8C5-0219A4AE5592}
		{6F1DF024-3919-4DFB-B167-D21AD3AD3C06} = {56952D57-8E9F-4403-A8C5-0219A4AE5592}
		{19196FC3-8CF0-4B21-AC94-0954A5CBE4E1} = {F9844005-0810-420A-AB55-7F11E7FFE034}
		{5B269B52-9A06-441E-BC34-14BFC603A53E} = {42220C01-5DB0-4644-870E-6AD28F972CA7}
	EndGlobalSection
	GlobalSection(ExtensibilityGlobals) = postSolution
		SolutionGuid = {58E747E2-61A0-4E27-BCD8-7DFF3A4E4DB4}
	EndGlobalSection
EndGlobal
